# THIS IS AN AUTOGENERATED FILE. DO NOT EDIT THIS FILE DIRECTLY.
# yarn lockfile v1


"@js-joda/core@3.2.0":
  version "3.2.0"
  resolved "https://registry.yarnpkg.com/@js-joda/core/-/core-3.2.0.tgz#3e61e21b7b2b8a6be746df1335cf91d70db2a273"
  integrity sha512-PMqgJ0sw5B7FKb2d5bWYIoxjri+QlW/Pys7+Rw82jSH0QN3rB05jZ/VrrsUdh1w4+i2kw9JOejXGq/KhDOX7Kg==

"@types/w3c-web-usb@^1.0.12":
  version "1.0.14"
  resolved "https://registry.yarnpkg.com/@types/w3c-web-usb/-/w3c-web-usb-1.0.14.tgz#9b2c8e723045e7bf8018d47efe1b736815b23b38"
  integrity sha512-Qu3Nn6JFuF4+sHKYl+IcX9vYiI40ogleXzFFSxoE1W94rG98o/kXs8uJ0QSfFzuwBCZWlGfUGpPkgwuuX4PchA==

"@yume-chan/adb-credential-web@2.1.0":
  version "2.1.0"
  resolved "https://registry.yarnpkg.com/@yume-chan/adb-credential-web/-/adb-credential-web-2.1.0.tgz#b384601a7c84f7e5d208f415d16098e22303415c"
  integrity sha512-ps5XWt+xxm6Mi9eF80ePprPJ/uRFMhfR437betQE8hixrjdZpkZgMlqZU6GlnuebMi0djrbP8GWB49jJekJVYA==
  dependencies:
    "@yume-chan/adb" "^2.1.0"

"@yume-chan/adb-daemon-webusb@2.3.2":
  version "2.3.2"
  resolved "https://registry.yarnpkg.com/@yume-chan/adb-daemon-webusb/-/adb-daemon-webusb-2.3.2.tgz#32d59ab47814345e56d8861dc1e0286f5f6287b7"
  integrity sha512-5ANaqsRJWFc5kKMnGALjYCrSXo5eC4u51dvYppvuBCLVjv12n7he2TPy5yEZ3XtlToRFS0kWCQC0XS8M60lRSA==
  dependencies:
    "@types/w3c-web-usb" "^1.0.12"
    "@yume-chan/adb" "^2.3.1"
    "@yume-chan/event" "^2.0.0"
    "@yume-chan/stream-extra" "^2.1.0"
    "@yume-chan/struct" "^2.3.2"

"@yume-chan/adb@2.6.4", "@yume-chan/adb@^2.1.0", "@yume-chan/adb@^2.3.1":
  version "2.6.4"
  resolved "https://registry.yarnpkg.com/@yume-chan/adb/-/adb-2.6.4.tgz#ee0c25c04cdf69127bc596b6fdb26e7d13fd58a1"
  integrity sha512-aaN21ZOLjWW1nC09C21f0yQkCqxkuMWMqheryGEbmGLPhuzIyOhTurJK8cXh5ZnQ+ptdKBexqvoG6zYoul9XPA==
  dependencies:
    "@yume-chan/async" "^4.1.3"
    "@yume-chan/event" "^2.0.0"
    "@yume-chan/no-data-view" "^2.0.0"
    "@yume-chan/stream-extra" "^2.6.1"
    "@yume-chan/struct" "^2.3.2"

"@yume-chan/async@^4.0.2", "@yume-chan/async@^4.1.3":
  version "4.1.3"
  resolved "https://registry.yarnpkg.com/@yume-chan/async/-/async-4.1.3.tgz#7f4b6d3b1bc902f7ef225a5ade39796f56ccd589"
  integrity sha512-0vzhNJMkWUPyjKzUK4rqHEeCU6YQtF78RsB1kFRB6Y2BLupmEQNxcSb0mjKabPL9jZpCCiLa5KL8oTOJClUVaw==

"@yume-chan/event@^2.0.0":
  version "2.0.0"
  resolved "https://registry.yarnpkg.com/@yume-chan/event/-/event-2.0.0.tgz#8ee6c8ec100acdbff1f78dc6398da69ad6ca1b9b"
  integrity sha512-z56MDOcX1QlgLUCuA6th3r10negVb7A3gzY//TwSC9ZOvzuRlrAqXcxZf1T3hHfNMk/NFO9RIgQgegXYSfaqLw==
  dependencies:
    "@yume-chan/async" "^4.0.2"

"@yume-chan/no-data-view@^2.0.0":
  version "2.0.0"
  resolved "https://registry.yarnpkg.com/@yume-chan/no-data-view/-/no-data-view-2.0.0.tgz#4498754388d18b3acb10152c10371c0f1080da95"
  integrity sha512-0GRJrrt6wtZlbiE92jocHOnaAvjQ+Y7xwwhwOPqLkwf90Kj1JIHJ5Zh4wJVQSQIkzfRSOpM+jeEQdC2K15snlA==

"@yume-chan/stream-extra@^2.1.0", "@yume-chan/stream-extra@^2.6.1":
  version "2.6.1"
  resolved "https://registry.yarnpkg.com/@yume-chan/stream-extra/-/stream-extra-2.6.1.tgz#ee33b53664bd6334a7d4fe243f7fcb6883a8acbb"
  integrity sha512-GQ+Q0SQf9p6Fl7ZK0UO5vHVGBJgkTJm/WXKurUMpjHQV4VUpjZ2hrQ744aCfT7WwSol7Bz/uEiXWmk240Hr/hg==
  dependencies:
    "@yume-chan/async" "^4.1.3"
    "@yume-chan/struct" "^2.3.2"

"@yume-chan/struct@^2.3.2":
  version "2.3.2"
  resolved "https://registry.yarnpkg.com/@yume-chan/struct/-/struct-2.3.2.tgz#09a42256441e4c8afb2a46c385ca5b87c34368a8"
  integrity sha512-afoCnSKV+5HRK7e4innVd9YTYDyNWdjA1CVQa1j8rWYnmr7HGZfdkHMQr+AESLk6GxWFMzOIPQIG6nYOTGMFIw==
  dependencies:
    "@yume-chan/async" "^4.1.3"
    "@yume-chan/no-data-view" "^2.0.0"

ws@8.20.1:
  version "8.20.1"
  resolved "https://registry.yarnpkg.com/ws/-/ws-8.20.1.tgz#91a9ae2b312ccf98e0a85ec499b48cef45ab0ddb"
  integrity sha512-It4dO0K5v//JtTXuPkfEOaI3uUN87iYPnqo/ZzqCoG3g8uhA66QUMs/SrM0YK7/NAu+r4LMh/9dq2A7k+rHs+w==
